
Microsoft Visual Studio Solution File, Format Version 12.00
# Visual Studio Version 17
VisualStudioVersion = 17.10.34928.147
MinimumVisualStudioVersion = 10.0.40219.1
Project("{FAE04EC0-301F-11D3-BF4B-00C04F79EFBC}") = "Tinhtoantrendayso", "Tinhtoantrendayso.csproj", "{E2308618-4CF2-43C7-A724-ACD995D67B50}"
EndProject
Global
	GlobalSection(SolutionConfigurationPlatforms) = preSolution
		Debug|Any CPU = Debug|Any CPU
		Release|Any CPU = Release|Any CPU
	EndGlobalSection
	GlobalSection(ProjectConfigurationPlatforms) = postSolution
		{E2308618-4CF2-43C7-A724-ACD995D67B50}.Debug|Any CPU.ActiveCfg = Debug|Any CPU
		{E2308618-4CF2-43C7-A724-ACD995D67B50}.Debug|Any CPU.Build.0 = Debug|Any CPU
		{E2308618-4CF2-43C7-A724-ACD995D67B50}.Release|Any CPU.ActiveCfg = Release|Any CPU
		{E2308618-4CF2-43C7-A724-ACD995D67B50}.Release|Any CPU.Build.0 = Release|Any CPU
	EndGlobalSection
	GlobalSection(SolutionProperties) = preSolution
		HideSolutionNode = FALSE
	EndGlobalSection
	GlobalSection(ExtensibilityGlobals) = postSolution
		SolutionGuid = {2B2D0F9D-6716-42A6-B86B-5C4D26688ACD}
	EndGlobalSection
EndGlobal
